
Microsoft Visual Studio Solution File, Format Version 12.00
# Visual Studio Version 16
VisualStudioVersion = 16.0.29503.13
MinimumVisualStudioVersion = 10.0.40219.1
Project("{FAE04EC0-301F-11D3-BF4B-00C04F79EFBC}") = "ChangeBankAccount", "ChangeBankAccount\ChangeBankAccount.csproj", "{353293AA-89CE-4B36-9CCC-7F0B5421C215}"
EndProject
Global
	GlobalSection(SolutionConfigurationPlatforms) = preSolution
		Debug|Any CPU = Debug|Any CPU
		Release|Any CPU = Release|Any CPU
	EndGlobalSection
	GlobalSection(ProjectConfigurationPlatforms) = postSolution
		{353293AA-89CE-4B36-9CCC-7F0B5421C215}.Debug|Any CPU.ActiveCfg = Debug|Any CPU
		{353293AA-89CE-4B36-9CCC-7F0B5421C215}.Debug|Any CPU.Build.0 = Debug|Any CPU
		{353293AA-89CE-4B36-9CCC-7F0B5421C215}.Release|Any CPU.ActiveCfg = Release|Any CPU
		{353293AA-89CE-4B36-9CCC-7F0B5421C215}.Release|Any CPU.Build.0 = Release|Any CPU
	EndGlobalSection
	GlobalSection(SolutionProperties) = preSolution
		HideSolutionNode = FALSE
	EndGlobalSection
	GlobalSection(ExtensibilityGlobals) = postSolution
		SolutionGuid = {70577D92-768E-482F-9AC5-4A5EB61E592A}
	EndGlobalSection
EndGlobal
